// !$*UTF8*$!
{
	archiveVersion = 1;
	classes = {
	};
	objectVersion = 56;
	objects = {

/* Begin PBXBuildFile section */
		EF8068522B3BC27100F242DC /* SwiftExplorerApp.swift in Sources */ = {isa = PBXBuildFile; fileRef = EF8068512B3BC27100F242DC /* SwiftExplorerApp.swift */; };
		EF8068542B3BC27100F242DC /* ContentView.swift in Sources */ = {isa = PBXBuildFile; fileRef = EF8068532B3BC27100F242DC /* ContentView.swift */; };
		EF8068562B3BC27100F242DC /* Item.swift in Sources */ = {isa = PBXBuildFile; fileRef = EF8068552B3BC27100F242DC /* Item.swift */; };
		EF8068582B3BC27200F242DC /* Assets.xcassets in Resources */ = {isa = PBXBuildFile; fileRef = EF8068572B3BC27200F242DC /* Assets.xcassets */; };
		EF80685B2B3BC27200F242DC /* Preview Assets.xcassets in Resources */ = {isa = PBXBuildFile; fileRef = EF80685A2B3BC27200F242DC /* Preview Assets.xcassets */; };
		EF80686B2B3BC2F200F242DC /* NavigationHome.swift in Sources */ = {isa = PBXBuildFile; fileRef = EF80686A2B3BC2F200F242DC /* NavigationHome.swift */; };
		EF80686D2B3BC37600F242DC /* NavigationController.swift in Sources */ = {isa = PBXBuildFile; fileRef = EF80686C2B3BC37600F242DC /* NavigationController.swift */; };
		EF8068702B3BC4EB00F242DC /* RouteManager.swift in Sources */ = {isa = PBXBuildFile; fileRef = EF80686F2B3BC4EB00F242DC /* RouteManager.swift */; };
		EF8068752B3BCD7A00F242DC /* ComponentsView.swift in Sources */ = {isa = PBXBuildFile; fileRef = EF8068742B3BCD7A00F242DC /* ComponentsView.swift */; };
		EF8068772B3BCEF200F242DC /* PopoverView.swift in Sources */ = {isa = PBXBuildFile; fileRef = EF8068762B3BCEF200F242DC /* PopoverView.swift */; };
		EF80687A2B3BCF8100F242DC /* PopToRootButton.swift in Sources */ = {isa = PBXBuildFile; fileRef = EF8068792B3BCF8100F242DC /* PopToRootButton.swift */; };
		EF80687C2B3BD36B00F242DC /* PopUpMenuView.swift in Sources */ = {isa = PBXBuildFile; fileRef = EF80687B2B3BD36B00F242DC /* PopUpMenuView.swift */; };
		EF8068802B3BD4DD00F242DC /* SheetsView.swift in Sources */ = {isa = PBXBuildFile; fileRef = EF80687F2B3BD4DD00F242DC /* SheetsView.swift */; };
		EF8068822B3BD54B00F242DC /* BaseSheetView.swift in Sources */ = {isa = PBXBuildFile; fileRef = EF8068812B3BD54B00F242DC /* BaseSheetView.swift */; };
		EF8068842B3BD95E00F242DC /* FullScreenSheetView.swift in Sources */ = {isa = PBXBuildFile; fileRef = EF8068832B3BD95E00F242DC /* FullScreenSheetView.swift */; };
		EF8068882B3BE83300F242DC /* CustomActionSheet.swift in Sources */ = {isa = PBXBuildFile; fileRef = EF8068872B3BE83300F242DC /* CustomActionSheet.swift */; };
		EF80688E2B3BE85D00F242DC /* DialogsView.swift in Sources */ = {isa = PBXBuildFile; fileRef = EF80688D2B3BE85D00F242DC /* DialogsView.swift */; };
		EF8068902B3BEF6700F242DC /* CustomAlertDialog.swift in Sources */ = {isa = PBXBuildFile; fileRef = EF80688F2B3BEF6700F242DC /* CustomAlertDialog.swift */; };
/* End PBXBuildFile section */

/* Begin PBXFileReference section */
		EF80684E2B3BC27100F242DC /* SwiftExplorer.app */ = {isa = PBXFileReference; explicitFileType = wrapper.application; includeInIndex = 0; path = SwiftExplorer.app; sourceTree = BUILT_PRODUCTS_DIR; };
		EF8068512B3BC27100F242DC /* SwiftExplorerApp.swift */ = {isa = PBXFileReference; lastKnownFileType = sourcecode.swift; path = SwiftExplorerApp.swift; sourceTree = "<group>"; };
		EF8068532B3BC27100F242DC /* ContentView.swift */ = {isa = PBXFileReference; lastKnownFileType = sourcecode.swift; path = ContentView.swift; sourceTree = "<group>"; };
		EF8068552B3BC27100F242DC /* Item.swift */ = {isa = PBXFileReference; lastKnownFileType = sourcecode.swift; path = Item.swift; sourceTree = "<group>"; };
		EF8068572B3BC27200F242DC /* Assets.xcassets */ = {isa = PBXFileReference; lastKnownFileType = folder.assetcatalog; path = Assets.xcassets; sourceTree = "<group>"; };
		EF80685A2B3BC27200F242DC /* Preview Assets.xcassets */ = {isa = PBXFileReference; lastKnownFileType = folder.assetcatalog; path = "Preview Assets.xcassets"; sourceTree = "<group>"; };
		EF80686A2B3BC2F200F242DC /* NavigationHome.swift */ = {isa = PBXFileReference; lastKnownFileType = sourcecode.swift; path = NavigationHome.swift; sourceTree = "<group>"; };
		EF80686C2B3BC37600F242DC /* NavigationController.swift */ = {isa = PBXFileReference; lastKnownFileType = sourcecode.swift; path = NavigationController.swift; sourceTree = "<group>"; };
		EF80686F2B3BC4EB00F242DC /* RouteManager.swift */ = {isa = PBXFileReference; lastKnownFileType = sourcecode.swift; path = RouteManager.swift; sourceTree = "<group>"; };
		EF8068742B3BCD7A00F242DC /* ComponentsView.swift */ = {isa = PBXFileReference; lastKnownFileType = sourcecode.swift; path = ComponentsView.swift; sourceTree = "<group>"; };
		EF8068762B3BCEF200F242DC /* PopoverView.swift */ = {isa = PBXFileReference; lastKnownFileType = sourcecode.swift; path = PopoverView.swift; sourceTree = "<group>"; };
		EF8068792B3BCF8100F242DC /* PopToRootButton.swift */ = {isa = PBXFileReference; lastKnownFileType = sourcecode.swift; path = PopToRootButton.swift; sourceTree = "<group>"; };
		EF80687B2B3BD36B00F242DC /* PopUpMenuView.swift */ = {isa = PBXFileReference; lastKnownFileType = sourcecode.swift; path = PopUpMenuView.swift; sourceTree = "<group>"; };
		EF80687F2B3BD4DD00F242DC /* SheetsView.swift */ = {isa = PBXFileReference; lastKnownFileType = sourcecode.swift; path = SheetsView.swift; sourceTree = "<group>"; };
		EF8068812B3BD54B00F242DC /* BaseSheetView.swift */ = {isa = PBXFileReference; lastKnownFileType = sourcecode.swift; path = BaseSheetView.swift; sourceTree = "<group>"; };
		EF8068832B3BD95E00F242DC /* FullScreenSheetView.swift */ = {isa = PBXFileReference; lastKnownFileType = sourcecode.swift; path = FullScreenSheetView.swift; sourceTree = "<group>"; };
		EF8068872B3BE83300F242DC /* CustomActionSheet.swift */ = {isa = PBXFileReference; lastKnownFileType = sourcecode.swift; path = CustomActionSheet.swift; sourceTree = "<group>"; };
		EF80688D2B3BE85D00F242DC /* DialogsView.swift */ = {isa = PBXFileReference; lastKnownFileType = sourcecode.swift; path = DialogsView.swift; sourceTree = "<group>"; };
		EF80688F2B3BEF6700F242DC /* CustomAlertDialog.swift */ = {isa = PBXFileReference; lastKnownFileType = sourcecode.swift; path = CustomAlertDialog.swift; sourceTree = "<group>"; };
/* End PBXFileReference section */

/* Begin PBXFrameworksBuildPhase section */
		EF80684B2B3BC27100F242DC /* Frameworks */ = {
			isa = PBXFrameworksBuildPhase;
			buildActionMask = 2147483647;
			files = (
			);
			runOnlyForDeploymentPostprocessing = 0;
		};
/* End PBXFrameworksBuildPhase section */

/* Begin PBXGroup section */
		EF8068452B3BC27100F242DC = {
			isa = PBXGroup;
			children = (
				EF8068502B3BC27100F242DC /* SwiftExplorer */,
				EF80684F2B3BC27100F242DC /* Products */,
			);
			sourceTree = "<group>";
		};
		EF80684F2B3BC27100F242DC /* Products */ = {
			isa = PBXGroup;
			children = (
				EF80684E2B3BC27100F242DC /* SwiftExplorer.app */,
			);
			name = Products;
			sourceTree = "<group>";
		};
		EF8068502B3BC27100F242DC /* SwiftExplorer */ = {
			isa = PBXGroup;
			children = (
				EF8068652B3BC2C000F242DC /* Features */,
				EF8068612B3BC29100F242DC /* Core */,
				EF8068592B3BC27200F242DC /* Preview Content */,
			);
			path = SwiftExplorer;
			sourceTree = "<group>";
		};
		EF8068592B3BC27200F242DC /* Preview Content */ = {
			isa = PBXGroup;
			children = (
				EF80685A2B3BC27200F242DC /* Preview Assets.xcassets */,
			);
			path = "Preview Content";
			sourceTree = "<group>";
		};
		EF8068612B3BC29100F242DC /* Core */ = {
			isa = PBXGroup;
			children = (
				EF8068782B3BCF7300F242DC /* Views */,
				EF80686E2B3BC4E000F242DC /* Services */,
				EF8068642B3BC2B700F242DC /* Assets */,
				EF8068632B3BC2A900F242DC /* Models */,
				EF8068622B3BC29B00F242DC /* Root */,
			);
			path = Core;
			sourceTree = "<group>";
		};
		EF8068622B3BC29B00F242DC /* Root */ = {
			isa = PBXGroup;
			children = (
				EF8068512B3BC27100F242DC /* SwiftExplorerApp.swift */,
				EF8068532B3BC27100F242DC /* ContentView.swift */,
			);
			path = Root;
			sourceTree = "<group>";
		};
		EF8068632B3BC2A900F242DC /* Models */ = {
			isa = PBXGroup;
			children = (
				EF8068552B3BC27100F242DC /* Item.swift */,
			);
			path = Models;
			sourceTree = "<group>";
		};
		EF8068642B3BC2B700F242DC /* Assets */ = {
			isa = PBXGroup;
			children = (
				EF8068572B3BC27200F242DC /* Assets.xcassets */,
			);
			path = Assets;
			sourceTree = "<group>";
		};
		EF8068652B3BC2C000F242DC /* Features */ = {
			isa = PBXGroup;
			children = (
				EF8068712B3BCD5C00F242DC /* Components */,
				EF8068662B3BC2CA00F242DC /* NavigationExplorer */,
			);
			path = Features;
			sourceTree = "<group>";
		};
		EF8068662B3BC2CA00F242DC /* NavigationExplorer */ = {
			isa = PBXGroup;
			children = (
				EF8068682B3BC2D800F242DC /* Controllers */,
				EF8068672B3BC2D400F242DC /* Views */,
			);
			path = NavigationExplorer;
			sourceTree = "<group>";
		};
		EF8068672B3BC2D400F242DC /* Views */ = {
			isa = PBXGroup;
			children = (
				EF80686A2B3BC2F200F242DC /* NavigationHome.swift */,
			);
			path = Views;
			sourceTree = "<group>";
		};
		EF8068682B3BC2D800F242DC /* Controllers */ = {
			isa = PBXGroup;
			children = (
				EF80686C2B3BC37600F242DC /* NavigationController.swift */,
			);
			path = Controllers;
			sourceTree = "<group>";
		};
		EF80686E2B3BC4E000F242DC /* Services */ = {
			isa = PBXGroup;
			children = (
				EF80686F2B3BC4EB00F242DC /* RouteManager.swift */,
			);
			path = Services;
			sourceTree = "<group>";
		};
		EF8068712B3BCD5C00F242DC /* Components */ = {
			isa = PBXGroup;
			children = (
				EF8068732B3BCD6800F242DC /* Controllers */,
				EF8068722B3BCD6400F242DC /* Views */,
			);
			path = Components;
			sourceTree = "<group>";
		};
		EF8068722B3BCD6400F242DC /* Views */ = {
			isa = PBXGroup;
			children = (
				EF8068862B3BE82400F242DC /* Dialogs */,
				EF8068852B3BDE5100F242DC /* Popover */,
				EF80687D2B3BD4B700F242DC /* Sheets */,
				EF8068742B3BCD7A00F242DC /* ComponentsView.swift */,
			);
			path = Views;
			sourceTree = "<group>";
		};
		EF8068732B3BCD6800F242DC /* Controllers */ = {
			isa = PBXGroup;
			children = (
			);
			path = Controllers;
			sourceTree = "<group>";
		};
		EF8068782B3BCF7300F242DC /* Views */ = {
			isa = PBXGroup;
			children = (
				EF8068792B3BCF8100F242DC /* PopToRootButton.swift */,
			);
			path = Views;
			sourceTree = "<group>";
		};
		EF80687D2B3BD4B700F242DC /* Sheets */ = {
			isa = PBXGroup;
			children = (
				EF80687F2B3BD4DD00F242DC /* SheetsView.swift */,
				EF8068812B3BD54B00F242DC /* BaseSheetView.swift */,
				EF8068832B3BD95E00F242DC /* FullScreenSheetView.swift */,
			);
			path = Sheets;
			sourceTree = "<group>";
		};
		EF8068852B3BDE5100F242DC /* Popover */ = {
			isa = PBXGroup;
			children = (
				EF8068762B3BCEF200F242DC /* PopoverView.swift */,
				EF80687B2B3BD36B00F242DC /* PopUpMenuView.swift */,
			);
			path = Popover;
			sourceTree = "<group>";
		};
		EF8068862B3BE82400F242DC /* Dialogs */ = {
			isa = PBXGroup;
			children = (
				EF8068872B3BE83300F242DC /* CustomActionSheet.swift */,
				EF80688D2B3BE85D00F242DC /* DialogsView.swift */,
				EF80688F2B3BEF6700F242DC /* CustomAlertDialog.swift */,
			);
			path = Dialogs;
			sourceTree = "<group>";
		};
/* End PBXGroup section */

/* Begin PBXNativeTarget section */
		EF80684D2B3BC27100F242DC /* SwiftExplorer */ = {
			isa = PBXNativeTarget;
			buildConfigurationList = EF80685E2B3BC27200F242DC /* Build configuration list for PBXNativeTarget "SwiftExplorer" */;
			buildPhases = (
				EF80684A2B3BC27100F242DC /* Sources */,
				EF80684B2B3BC27100F242DC /* Frameworks */,
				EF80684C2B3BC27100F242DC /* Resources */,
			);
			buildRules = (
			);
			dependencies = (
			);
			name = SwiftExplorer;
			productName = SwiftExplorer;
			productReference = EF80684E2B3BC27100F242DC /* SwiftExplorer.app */;
			productType = "com.apple.product-type.application";
		};
/* End PBXNativeTarget section */

/* Begin PBXProject section */
		EF8068462B3BC27100F242DC /* Project object */ = {
			isa = PBXProject;
			attributes = {
				BuildIndependentTargetsInParallel = 1;
				LastSwiftUpdateCheck = 1510;
				LastUpgradeCheck = 1510;
				TargetAttributes = {
					EF80684D2B3BC27100F242DC = {
						CreatedOnToolsVersion = 15.1;
					};
				};
			};
			buildConfigurationList = EF8068492B3BC27100F242DC /* Build configuration list for PBXProject "SwiftExplorer" */;
			compatibilityVersion = "Xcode 14.0";
			developmentRegion = en;
			hasScannedForEncodings = 0;
			knownRegions = (
				en,
				Base,
			);
			mainGroup = EF8068452B3BC27100F242DC;
			productRefGroup = EF80684F2B3BC27100F242DC /* Products */;
			projectDirPath = "";
			projectRoot = "";
			targets = (
				EF80684D2B3BC27100F242DC /* SwiftExplorer */,
			);
		};
/* End PBXProject section */

/* Begin PBXResourcesBuildPhase section */
		EF80684C2B3BC27100F242DC /* Resources */ = {
			isa = PBXResourcesBuildPhase;
			buildActionMask = 2147483647;
			files = (
				EF80685B2B3BC27200F242DC /* Preview Assets.xcassets in Resources */,
				EF8068582B3BC27200F242DC /* Assets.xcassets in Resources */,
			);
			runOnlyForDeploymentPostprocessing = 0;
		};
/* End PBXResourcesBuildPhase section */

/* Begin PBXSourcesBuildPhase section */
		EF80684A2B3BC27100F242DC /* Sources */ = {
			isa = PBXSourcesBuildPhase;
			buildActionMask = 2147483647;
			files = (
				EF80686B2B3BC2F200F242DC /* NavigationHome.swift in Sources */,
				EF8068822B3BD54B00F242DC /* BaseSheetView.swift in Sources */,
				EF8068542B3BC27100F242DC /* ContentView.swift in Sources */,
				EF8068802B3BD4DD00F242DC /* SheetsView.swift in Sources */,
				EF8068842B3BD95E00F242DC /* FullScreenSheetView.swift in Sources */,
				EF8068772B3BCEF200F242DC /* PopoverView.swift in Sources */,
				EF80687A2B3BCF8100F242DC /* PopToRootButton.swift in Sources */,
				EF80687C2B3BD36B00F242DC /* PopUpMenuView.swift in Sources */,
				EF80686D2B3BC37600F242DC /* NavigationController.swift in Sources */,
				EF80688E2B3BE85D00F242DC /* DialogsView.swift in Sources */,
				EF8068702B3BC4EB00F242DC /* RouteManager.swift in Sources */,
				EF8068902B3BEF6700F242DC /* CustomAlertDialog.swift in Sources */,
				EF8068752B3BCD7A00F242DC /* ComponentsView.swift in Sources */,
				EF8068882B3BE83300F242DC /* CustomActionSheet.swift in Sources */,
				EF8068562B3BC27100F242DC /* Item.swift in Sources */,
				EF8068522B3BC27100F242DC /* SwiftExplorerApp.swift in Sources */,
			);
			runOnlyForDeploymentPostprocessing = 0;
		};
/* End PBXSourcesBuildPhase section */

/* Begin XCBuildConfiguration section */
		EF80685C2B3BC27200F242DC /* Debug */ = {
			isa = XCBuildConfiguration;
			buildSettings = {
				ALWAYS_SEARCH_USER_PATHS = NO;
				ASSETCATALOG_COMPILER_GENERATE_SWIFT_ASSET_SYMBOL_EXTENSIONS = YES;
				CLANG_ANALYZER_NONNULL = YES;
				CLANG_ANALYZER_NUMBER_OBJECT_CONVERSION = YES_AGGRESSIVE;
				CLANG_CXX_LANGUAGE_STANDARD = "gnu++20";
				CLANG_ENABLE_MODULES = YES;
				CLANG_ENABLE_OBJC_ARC = YES;
				CLANG_ENABLE_OBJC_WEAK = YES;
				CLANG_WARN_BLOCK_CAPTURE_AUTORELEASING = YES;
				CLANG_WARN_BOOL_CONVERSION = YES;
				CLANG_WARN_COMMA = YES;
				CLANG_WARN_CONSTANT_CONVERSION = YES;
				CLANG_WARN_DEPRECATED_OBJC_IMPLEMENTATIONS = YES;
				CLANG_WARN_DIRECT_OBJC_ISA_USAGE = YES_ERROR;
				CLANG_WARN_DOCUMENTATION_COMMENTS = YES;
				CLANG_WARN_EMPTY_BODY = YES;
				CLANG_WARN_ENUM_CONVERSION = YES;
				CLANG_WARN_INFINITE_RECURSION = YES;
				CLANG_WARN_INT_CONVERSION = YES;
				CLANG_WARN_NON_LITERAL_NULL_CONVERSION = YES;
				CLANG_WARN_OBJC_IMPLICIT_RETAIN_SELF = YES;
				CLANG_WARN_OBJC_LITERAL_CONVERSION = YES;
				CLANG_WARN_OBJC_ROOT_CLASS = YES_ERROR;
				CLANG_WARN_QUOTED_INCLUDE_IN_FRAMEWORK_HEADER = YES;
				CLANG_WARN_RANGE_LOOP_ANALYSIS = YES;
				CLANG_WARN_STRICT_PROTOTYPES = YES;
				CLANG_WARN_SUSPICIOUS_MOVE = YES;
				CLANG_WARN_UNGUARDED_AVAILABILITY = YES_AGGRESSIVE;
				CLANG_WARN_UNREACHABLE_CODE = YES;
				CLANG_WARN__DUPLICATE_METHOD_MATCH = YES;
				COPY_PHASE_STRIP = NO;
				DEBUG_INFORMATION_FORMAT = dwarf;
				ENABLE_STRICT_OBJC_MSGSEND = YES;
				ENABLE_TESTABILITY = YES;
				ENABLE_USER_SCRIPT_SANDBOXING = YES;
				GCC_C_LANGUAGE_STANDARD = gnu17;
				GCC_DYNAMIC_NO_PIC = NO;
				GCC_NO_COMMON_BLOCKS = YES;
				GCC_OPTIMIZATION_LEVEL = 0;
				GCC_PREPROCESSOR_DEFINITIONS = (
					"DEBUG=1",
					"$(inherited)",
				);
				GCC_WARN_64_TO_32_BIT_CONVERSION = YES;
				GCC_WARN_ABOUT_RETURN_TYPE = YES_ERROR;
				GCC_WARN_UNDECLARED_SELECTOR = YES;
				GCC_WARN_UNINITIALIZED_AUTOS = YES_AGGRESSIVE;
				GCC_WARN_UNUSED_FUNCTION = YES;
				GCC_WARN_UNUSED_VARIABLE = YES;
				IPHONEOS_DEPLOYMENT_TARGET = 17.2;
				LOCALIZATION_PREFERS_STRING_CATALOGS = YES;
				MTL_ENABLE_DEBUG_INFO = INCLUDE_SOURCE;
				MTL_FAST_MATH = YES;
				ONLY_ACTIVE_ARCH = YES;
				SDKROOT = iphoneos;
				SWIFT_ACTIVE_COMPILATION_CONDITIONS = "DEBUG $(inherited)";
				SWIFT_OPTIMIZATION_LEVEL = "-Onone";
			};
			name = Debug;
		};
		EF80685D2B3BC27200F242DC /* Release */ = {
			isa = XCBuildConfiguration;
			buildSettings = {
				ALWAYS_SEARCH_USER_PATHS = NO;
				ASSETCATALOG_COMPILER_GENERATE_SWIFT_ASSET_SYMBOL_EXTENSIONS = YES;
				CLANG_ANALYZER_NONNULL = YES;
				CLANG_ANALYZER_NUMBER_OBJECT_CONVERSION = YES_AGGRESSIVE;
				CLANG_CXX_LANGUAGE_STANDARD = "gnu++20";
				CLANG_ENABLE_MODULES = YES;
				CLANG_ENABLE_OBJC_ARC = YES;
				CLANG_ENABLE_OBJC_WEAK = YES;
				CLANG_WARN_BLOCK_CAPTURE_AUTORELEASING = YES;
				CLANG_WARN_BOOL_CONVERSION = YES;
				CLANG_WARN_COMMA = YES;
				CLANG_WARN_CONSTANT_CONVERSION = YES;
				CLANG_WARN_DEPRECATED_OBJC_IMPLEMENTATIONS = YES;
				CLANG_WARN_DIRECT_OBJC_ISA_USAGE = YES_ERROR;
				CLANG_WARN_DOCUMENTATION_COMMENTS = YES;
				CLANG_WARN_EMPTY_BODY = YES;
				CLANG_WARN_ENUM_CONVERSION = YES;
				CLANG_WARN_INFINITE_RECURSION = YES;
				CLANG_WARN_INT_CONVERSION = YES;
				CLANG_WARN_NON_LITERAL_NULL_CONVERSION = YES;
				CLANG_WARN_OBJC_IMPLICIT_RETAIN_SELF = YES;
				CLANG_WARN_OBJC_LITERAL_CONVERSION = YES;
				CLANG_WARN_OBJC_ROOT_CLASS = YES_ERROR;
				CLANG_WARN_QUOTED_INCLUDE_IN_FRAMEWORK_HEADER = YES;
				CLANG_WARN_RANGE_LOOP_ANALYSIS = YES;
				CLANG_WARN_STRICT_PROTOTYPES = YES;
				CLANG_WARN_SUSPICIOUS_MOVE = YES;
				CLANG_WARN_UNGUARDED_AVAILABILITY = YES_AGGRESSIVE;
				CLANG_WARN_UNREACHABLE_CODE = YES;
				CLANG_WARN__DUPLICATE_METHOD_MATCH = YES;
				COPY_PHASE_STRIP = NO;
				DEBUG_INFORMATION_FORMAT = "dwarf-with-dsym";
				ENABLE_NS_ASSERTIONS = NO;
				ENABLE_STRICT_OBJC_MSGSEND = YES;
				ENABLE_USER_SCRIPT_SANDBOXING = YES;
				GCC_C_LANGUAGE_STANDARD = gnu17;
				GCC_NO_COMMON_BLOCKS = YES;
				GCC_WARN_64_TO_32_BIT_CONVERSION = YES;
				GCC_WARN_ABOUT_RETURN_TYPE = YES_ERROR;
				GCC_WARN_UNDECLARED_SELECTOR = YES;
				GCC_WARN_UNINITIALIZED_AUTOS = YES_AGGRESSIVE;
				GCC_WARN_UNUSED_FUNCTION = YES;
				GCC_WARN_UNUSED_VARIABLE = YES;
				IPHONEOS_DEPLOYMENT_TARGET = 17.2;
				LOCALIZATION_PREFERS_STRING_CATALOGS = YES;
				MTL_ENABLE_DEBUG_INFO = NO;
				MTL_FAST_MATH = YES;
				SDKROOT = iphoneos;
				SWIFT_COMPILATION_MODE = wholemodule;
				VALIDATE_PRODUCT = YES;
			};
			name = Release;
		};
		EF80685F2B3BC27200F242DC /* Debug */ = {
			isa = XCBuildConfiguration;
			buildSettings = {
				ASSETCATALOG_COMPILER_APPICON_NAME = AppIcon;
				ASSETCATALOG_COMPILER_GLOBAL_ACCENT_COLOR_NAME = AccentColor;
				CODE_SIGN_STYLE = Automatic;
				CURRENT_PROJECT_VERSION = 1;
				DEVELOPMENT_ASSET_PATHS = "\"SwiftExplorer/Preview Content\"";
				DEVELOPMENT_TEAM = 922L4HAC7Y;
				ENABLE_PREVIEWS = YES;
				GENERATE_INFOPLIST_FILE = YES;
				INFOPLIST_KEY_UIApplicationSceneManifest_Generation = YES;
				INFOPLIST_KEY_UIApplicationSupportsIndirectInputEvents = YES;
				INFOPLIST_KEY_UILaunchScreen_Generation = YES;
				INFOPLIST_KEY_UISupportedInterfaceOrientations_iPad = "UIInterfaceOrientationPortrait UIInterfaceOrientationPortraitUpsideDown UIInterfaceOrientationLandscapeLeft UIInterfaceOrientationLandscapeRight";
				INFOPLIST_KEY_UISupportedInterfaceOrientations_iPhone = "UIInterfaceOrientationPortrait UIInterfaceOrientationLandscapeLeft UIInterfaceOrientationLandscapeRight";
				LD_RUNPATH_SEARCH_PATHS = (
					"$(inherited)",
					"@executable_path/Frameworks",
				);
				MARKETING_VERSION = 1.0;
				PRODUCT_BUNDLE_IDENTIFIER = com.workwithafridi.SwiftExplorer;
				PRODUCT_NAME = "$(TARGET_NAME)";
				SWIFT_EMIT_LOC_STRINGS = YES;
				SWIFT_VERSION = 5.0;
				TARGETED_DEVICE_FAMILY = "1,2";
			};
			name = Debug;
		};
		EF8068602B3BC27200F242DC /* Release */ = {
			isa = XCBuildConfiguration;
			buildSettings = {
				ASSETCATALOG_COMPILER_APPICON_NAME = AppIcon;
				ASSETCATALOG_COMPILER_GLOBAL_ACCENT_COLOR_NAME = AccentColor;
				CODE_SIGN_STYLE = Automatic;
				CURRENT_PROJECT_VERSION = 1;
				DEVELOPMENT_ASSET_PATHS = "\"SwiftExplorer/Preview Content\"";
				DEVELOPMENT_TEAM = 922L4HAC7Y;
				ENABLE_PREVIEWS = YES;
				GENERATE_INFOPLIST_FILE = YES;
				INFOPLIST_KEY_UIApplicationSceneManifest_Generation = YES;
				INFOPLIST_KEY_UIApplicationSupportsIndirectInputEvents = YES;
				INFOPLIST_KEY_UILaunchScreen_Generation = YES;
				INFOPLIST_KEY_UISupportedInterfaceOrientations_iPad = "UIInterfaceOrientationPortrait UIInterfaceOrientationPortraitUpsideDown UIInterfaceOrientationLandscapeLeft UIInterfaceOrientationLandscapeRight";
				INFOPLIST_KEY_UISupportedInterfaceOrientations_iPhone = "UIInterfaceOrientationPortrait UIInterfaceOrientationLandscapeLeft UIInterfaceOrientationLandscapeRight";
				LD_RUNPATH_SEARCH_PATHS = (
					"$(inherited)",
					"@executable_path/Frameworks",
				);
				MARKETING_VERSION = 1.0;
				PRODUCT_BUNDLE_IDENTIFIER = com.workwithafridi.SwiftExplorer;
				PRODUCT_NAME = "$(TARGET_NAME)";
				SWIFT_EMIT_LOC_STRINGS = YES;
				SWIFT_VERSION = 5.0;
				TARGETED_DEVICE_FAMILY = "1,2";
			};
			name = Release;
		};
/* End XCBuildConfiguration section */

/* Begin XCConfigurationList section */
		EF8068492B3BC27100F242DC /* Build configuration list for PBXProject "SwiftExplorer" */ = {
			isa = XCConfigurationList;
			buildConfigurations = (
				EF80685C2B3BC27200F242DC /* Debug */,
				EF80685D2B3BC27200F242DC /* Release */,
			);
			defaultConfigurationIsVisible = 0;
			defaultConfigurationName = Release;
		};
		EF80685E2B3BC27200F242DC /* Build configuration list for PBXNativeTarget "SwiftExplorer" */ = {
			isa = XCConfigurationList;
			buildConfigurations = (
				EF80685F2B3BC27200F242DC /* Debug */,
				EF8068602B3BC27200F242DC /* Release */,
			);
			defaultConfigurationIsVisible = 0;
			defaultConfigurationName = Release;
		};
/* End XCConfigurationList section */
	};
	rootObject = EF8068462B3BC27100F242DC /* Project object */;
}
